
Microsoft Visual Studio Solution File, Format Version 12.00
# Visual Studio 2013
VisualStudioVersion = 12.0.30501.0
MinimumVisualStudioVersion = 10.0.40219.1
Project("{FAE04EC0-301F-11D3-BF4B-00C04F79EFBC}") = "Library", "Library\Library.csproj", "{DA8B9B32-57FD-411C-9F75-CA4272670B51}"
EndProject
Global
	GlobalSection(SolutionConfigurationPlatforms) = preSolution
		Debug|Any CPU = Debug|Any CPU
		Release|Any CPU = Release|Any CPU
	EndGlobalSection
	GlobalSection(ProjectConfigurationPlatforms) = postSolution
		{DA8B9B32-57FD-411C-9F75-CA4272670B51}.Debug|Any CPU.ActiveCfg = Debug|Any CPU
		{DA8B9B32-57FD-411C-9F75-CA4272670B51}.Debug|Any CPU.Build.0 = Debug|Any CPU
		{DA8B9B32-57FD-411C-9F75-CA4272670B51}.Release|Any CPU.ActiveCfg = Release|Any CPU
		{DA8B9B32-57FD-411C-9F75-CA4272670B51}.Release|Any CPU.Build.0 = Release|Any CPU
	EndGlobalSection
	GlobalSection(SolutionProperties) = preSolution
		HideSolutionNode = FALSE
	EndGlobalSection
EndGlobal
